<?xml version="1.0" encoding="utf-8"?>
<Project ToolsVersion="4.0" xmlns="http://schemas.microsoft.com/developer/msbuild/2003">
  <ItemGroup>
    <Filter Include="Header Files">
      <UniqueIdentifier>{93995380-89BD-4b04-88EB-625FBE52EBFB}</UniqueIdentifier>
      <Extensions>h;hh;hpp;hxx;hm;inl;inc;xsd</Extensions>
    </Filter>
    <Filter Include="Resource Files">
      <UniqueIdentifier>{67DA6AB6-F800-4c08-8B7A-83BB121AAD01}</UniqueIdentifier>
      <Extensions>rc;ico;cur;bmp;dlg;rc2;rct;bin;rgs;gif;jpg;jpeg;jpe;resx;tiff;tif;png;wav;mfcribbon-ms</Extensions>
    </Filter>
    <Filter Include="Source Files">
      <UniqueIdentifier>{4FC737F1-C7A5-4376-A066-2A32D752A2FF}</UniqueIdentifier>
      <Extensions>cpp;c;cc;cxx;def;odl;idl;hpj;bat;asm;asmx</Extensions>
    </Filter>
  </ItemGroup>
  <ItemGroup>
    <ClCompile Include="prob18_67.cpp">
      <Filter>Source Files</Filter>
    </ClCompile>
    <ClCompile Include="prob22.cpp">
      <Filter>Source Files</Filter>
    </ClCompile>
    <ClCompile Include="main.cpp">
      <Filter>Source Files</Filter>
    </ClCompile>
    <ClCompile Include="prob48.cpp">
      <Filter>Source Files</Filter>
    </ClCompile>
    <ClCompile Include="prob28.cpp">
      <Filter>Source Files</Filter>
    </ClCompile>
    <ClCompile Include="prob19.cpp">
      <Filter>Source Files</Filter>
    </ClCompile>
    <ClCompile Include="prob24.cpp">
      <Filter>Source Files</Filter>
    </ClCompile>
    <ClCompile Include="prob30.cpp">
      <Filter>Source Files</Filter>
    </ClCompile>
    <ClCompile Include="prob29.cpp">
      <Filter>Source Files</Filter>
    </ClCompile>
    <ClCompile Include="prob34.cpp">
      <Filter>Source Files</Filter>
    </ClCompile>
    <ClCompile Include="prob36.cpp">
      <Filter>Source Files</Filter>
    </ClCompile>
    <ClCompile Include="prob23.cpp">
      <Filter>Source Files</Filter>
    </ClCompile>
    <ClCompile Include="prob35.cpp">
      <Filter>Source Files</Filter>
    </ClCompile>
    <ClCompile Include="prob27.cpp">
      <Filter>Source Files</Filter>
    </ClCompile>
    <ClCompile Include="util.cpp">
      <Filter>Source Files</Filter>
    </ClCompile>
    <ClCompile Include="prob26.cpp">
      <Filter>Source Files</Filter>
    </ClCompile>
    <ClCompile Include="prob31.cpp">
      <Filter>Source Files</Filter>
    </ClCompile>
    <ClCompile Include="prob40.cpp">
      <Filter>Source Files</Filter>
    </ClCompile>
    <ClCompile Include="prob42.cpp">
      <Filter>Source Files</Filter>
    </ClCompile>
    <ClCompile Include="prob37.cpp">
      <Filter>Source Files</Filter>
    </ClCompile>
    <ClCompile Include="prob45.cpp">
      <Filter>Source Files</Filter>
    </ClCompile>
    <ClCompile Include="prob39.cpp">
      <Filter>Source Files</Filter>
    </ClCompile>
    <ClCompile Include="prob33.cpp">
      <Filter>Source Files</Filter>
    </ClCompile>
    <ClCompile Include="prob32.cpp">
      <Filter>Source Files</Filter>
    </ClCompile>
    <ClCompile Include="prob41.cpp">
      <Filter>Source Files</Filter>
    </ClCompile>
    <ClCompile Include="prob52.cpp">
      <Filter>Source Files</Filter>
    </ClCompile>
    <ClCompile Include="prob38.cpp">
      <Filter>Source Files</Filter>
    </ClCompile>
    <ClCompile Include="prob53.cpp">
      <Filter>Source Files</Filter>
    </ClCompile>
    <ClCompile Include="prob50.cpp">
      <Filter>Source Files</Filter>
    </ClCompile>
    <ClCompile Include="prob46.cpp">
      <Filter>Source Files</Filter>
    </ClCompile>
    <ClCompile Include="prob56.cpp">
      <Filter>Source Files</Filter>
    </ClCompile>
    <ClCompile Include="prob43.cpp">
      <Filter>Source Files</Filter>
    </ClCompile>
    <ClCompile Include="prob47.cpp">
      <Filter>Source Files</Filter>
    </ClCompile>
    <ClCompile Include="prob49.cpp">
      <Filter>Source Files</Filter>
    </ClCompile>
    <ClCompile Include="prob44.cpp">
      <Filter>Source Files</Filter>
    </ClCompile>
    <ClCompile Include="prob55.cpp">
      <Filter>Source Files</Filter>
    </ClCompile>
    <ClCompile Include="prob97.cpp">
      <Filter>Source Files</Filter>
    </ClCompile>
    <ClCompile Include="prob79.cpp">
      <Filter>Source Files</Filter>
    </ClCompile>
    <ClCompile Include="prob63.cpp">
      <Filter>Source Files</Filter>
    </ClCompile>
    <ClCompile Include="prob92.cpp">
      <Filter>Source Files</Filter>
    </ClCompile>
    <ClCompile Include="prob59.cpp">
      <Filter>Source Files</Filter>
    </ClCompile>
    <ClCompile Include="prob57.cpp">
      <Filter>Source Files</Filter>
    </ClCompile>
    <ClCompile Include="prob58.cpp">
      <Filter>Source Files</Filter>
    </ClCompile>
    <ClCompile Include="prob206.cpp">
      <Filter>Source Files</Filter>
    </ClCompile>
    <ClCompile Include="prob54.cpp">
      <Filter>Source Files</Filter>
    </ClCompile>
    <ClCompile Include="prob69.cpp">
      <Filter>Source Files</Filter>
    </ClCompile>
    <ClCompile Include="prob71.cpp">
      <Filter>Source Files</Filter>
    </ClCompile>
    <ClCompile Include="prob76.cpp">
      <Filter>Source Files</Filter>
    </ClCompile>
    <ClCompile Include="prob81.cpp">
      <Filter>Source Files</Filter>
    </ClCompile>
    <ClCompile Include="prob99.cpp">
      <Filter>Source Files</Filter>
    </ClCompile>
    <ClCompile Include="prob357.cpp">
      <Filter>Source Files</Filter>
    </ClCompile>
    <ClCompile Include="prob387.cpp">
      <Filter>Source Files</Filter>
    </ClCompile>
    <ClCompile Include="prob493.cpp">
      <Filter>Source Files</Filter>
    </ClCompile>
    <ClCompile Include="prob51.cpp">
      <Filter>Source Files</Filter>
    </ClCompile>
  </ItemGroup>
  <ItemGroup>
    <ClInclude Include="probs.h">
      <Filter>Header Files</Filter>
    </ClInclude>
    <ClInclude Include="util.h">
      <Filter>Header Files</Filter>
    </ClInclude>
  </ItemGroup>
</Project>